
Microsoft Visual Studio Solution File, Format Version 12.00
# Visual Studio Version 16
VisualStudioVersion = 16.0.30413.136
MinimumVisualStudioVersion = 10.0.40219.1
Project("{8BC9CEB8-8B4A-11D0-8D11-00A0C91BC942}") = "wordsearching", "wordsearching\wordsearching.vcxproj", "{D93ECE0E-40D1-422C-A99C-686A3D18153C}"
EndProject
Global
	GlobalSection(SolutionConfigurationPlatforms) = preSolution
		Debug|x64 = Debug|x64
		Debug|x86 = Debug|x86
		Release|x64 = Release|x64
		Release|x86 = Release|x86
	EndGlobalSection
	GlobalSection(ProjectConfigurationPlatforms) = postSolution
		{D93ECE0E-40D1-422C-A99C-686A3D18153C}.Debug|x64.ActiveCfg = Debug|x64
		{D93ECE0E-40D1-422C-A99C-686A3D18153C}.Debug|x64.Build.0 = Debug|x64
		{D93ECE0E-40D1-422C-A99C-686A3D18153C}.Debug|x86.ActiveCfg = Debug|Win32
		{D93ECE0E-40D1-422C-A99C-686A3D18153C}.Debug|x86.Build.0 = Debug|Win32
		{D93ECE0E-40D1-422C-A99C-686A3D18153C}.Release|x64.ActiveCfg = Release|x64
		{D93ECE0E-40D1-422C-A99C-686A3D18153C}.Release|x64.Build.0 = Release|x64
		{D93ECE0E-40D1-422C-A99C-686A3D18153C}.Release|x86.ActiveCfg = Release|Win32
		{D93ECE0E-40D1-422C-A99C-686A3D18153C}.Release|x86.Build.0 = Release|Win32
	EndGlobalSection
	GlobalSection(SolutionProperties) = preSolution
		HideSolutionNode = FALSE
	EndGlobalSection
	GlobalSection(ExtensibilityGlobals) = postSolution
		SolutionGuid = {AE1939F0-E7B8-4332-84B1-5F23F3A5915C}
	EndGlobalSection
EndGlobal
